// !$*UTF8*$!
{
	archiveVersion = 1;
	classes = {
	};
	objectVersion = 51;
	objects = {

/* Begin PBXBuildFile section */
		9FDBE74504AF4A1C8E7F583C /* Pods_photoapp.framework in Frameworks */ = {isa = PBXBuildFile; fileRef = 87C558E4695E8242EE295C95 /* Pods_photoapp.framework */; };
		CC2B56DB250BFA760089E85C /* AppDelegate.swift in Sources */ = {isa = PBXBuildFile; fileRef = CC2B56DA250BFA760089E85C /* AppDelegate.swift */; };
		CC2B56DD250BFA760089E85C /* SceneDelegate.swift in Sources */ = {isa = PBXBuildFile; fileRef = CC2B56DC250BFA760089E85C /* SceneDelegate.swift */; };
		CC2B56E2250BFA760089E85C /* Main.storyboard in Resources */ = {isa = PBXBuildFile; fileRef = CC2B56E0250BFA760089E85C /* Main.storyboard */; };
		CC2B56E4250BFA780089E85C /* Assets.xcassets in Resources */ = {isa = PBXBuildFile; fileRef = CC2B56E3250BFA780089E85C /* Assets.xcassets */; };
		CC2B56E7250BFA780089E85C /* LaunchScreen.storyboard in Resources */ = {isa = PBXBuildFile; fileRef = CC2B56E5250BFA780089E85C /* LaunchScreen.storyboard */; };
		CC2B56EF250BFAC60089E85C /* GoogleService-Info.plist in Resources */ = {isa = PBXBuildFile; fileRef = CC2B56EE250BFAC60089E85C /* GoogleService-Info.plist */; };
		CC2B56F7250C02450089E85C /* LoginViewController.swift in Sources */ = {isa = PBXBuildFile; fileRef = CC2B56F6250C02450089E85C /* LoginViewController.swift */; };
		CC2B56F9250C02BA0089E85C /* CreateProfileViewController.swift in Sources */ = {isa = PBXBuildFile; fileRef = CC2B56F8250C02BA0089E85C /* CreateProfileViewController.swift */; };
		CC2B56FB250C04610089E85C /* FeedViewController.swift in Sources */ = {isa = PBXBuildFile; fileRef = CC2B56FA250C04610089E85C /* FeedViewController.swift */; };
		CC2B56FD250C04DA0089E85C /* CameraViewController.swift in Sources */ = {isa = PBXBuildFile; fileRef = CC2B56FC250C04DA0089E85C /* CameraViewController.swift */; };
		CC2B56FF250C04E30089E85C /* SettingsViewController.swift in Sources */ = {isa = PBXBuildFile; fileRef = CC2B56FE250C04E30089E85C /* SettingsViewController.swift */; };
		CC2B5701250FEE500089E85C /* PhotoUser.swift in Sources */ = {isa = PBXBuildFile; fileRef = CC2B5700250FEE500089E85C /* PhotoUser.swift */; };
		CC2B5703250FEE840089E85C /* UserService.swift in Sources */ = {isa = PBXBuildFile; fileRef = CC2B5702250FEE840089E85C /* UserService.swift */; };
		CC2B5705250FF1A20089E85C /* Constants.swift in Sources */ = {isa = PBXBuildFile; fileRef = CC2B5704250FF1A20089E85C /* Constants.swift */; };
		CC2B5707251013620089E85C /* LocalStorageService.swift in Sources */ = {isa = PBXBuildFile; fileRef = CC2B5706251013620089E85C /* LocalStorageService.swift */; };
		CC2B5709251024A10089E85C /* MainTabBarController.swift in Sources */ = {isa = PBXBuildFile; fileRef = CC2B5708251024A10089E85C /* MainTabBarController.swift */; };
		CCF2F77525102D0E00D972F1 /* Photo.swift in Sources */ = {isa = PBXBuildFile; fileRef = CCF2F77425102D0E00D972F1 /* Photo.swift */; };
		CCF2F77725102D4B00D972F1 /* PhotoService.swift in Sources */ = {isa = PBXBuildFile; fileRef = CCF2F77625102D4B00D972F1 /* PhotoService.swift */; };
		CCF2F7792510498000D972F1 /* PhotoCell.swift in Sources */ = {isa = PBXBuildFile; fileRef = CCF2F7782510498000D972F1 /* PhotoCell.swift */; };
/* End PBXBuildFile section */

/* Begin PBXFileReference section */
		87C558E4695E8242EE295C95 /* Pods_photoapp.framework */ = {isa = PBXFileReference; explicitFileType = wrapper.framework; includeInIndex = 0; path = Pods_photoapp.framework; sourceTree = BUILT_PRODUCTS_DIR; };
		A5CCAFC8C7FA9605D14D4B65 /* Pods-photoapp.debug.xcconfig */ = {isa = PBXFileReference; includeInIndex = 1; lastKnownFileType = text.xcconfig; name = "Pods-photoapp.debug.xcconfig"; path = "Target Support Files/Pods-photoapp/Pods-photoapp.debug.xcconfig"; sourceTree = "<group>"; };
		BB605A3632C0015D212BD6C2 /* Pods-photoapp.release.xcconfig */ = {isa = PBXFileReference; includeInIndex = 1; lastKnownFileType = text.xcconfig; name = "Pods-photoapp.release.xcconfig"; path = "Target Support Files/Pods-photoapp/Pods-photoapp.release.xcconfig"; sourceTree = "<group>"; };
		CC2B56D7250BFA760089E85C /* photoapp.app */ = {isa = PBXFileReference; explicitFileType = wrapper.application; includeInIndex = 0; path = photoapp.app; sourceTree = BUILT_PRODUCTS_DIR; };
		CC2B56DA250BFA760089E85C /* AppDelegate.swift */ = {isa = PBXFileReference; lastKnownFileType = sourcecode.swift; path = AppDelegate.swift; sourceTree = "<group>"; };
		CC2B56DC250BFA760089E85C /* SceneDelegate.swift */ = {isa = PBXFileReference; lastKnownFileType = sourcecode.swift; path = SceneDelegate.swift; sourceTree = "<group>"; };
		CC2B56E1250BFA760089E85C /* Base */ = {isa = PBXFileReference; lastKnownFileType = file.storyboard; name = Base; path = Base.lproj/Main.storyboard; sourceTree = "<group>"; };
		CC2B56E3250BFA780089E85C /* Assets.xcassets */ = {isa = PBXFileReference; lastKnownFileType = folder.assetcatalog; path = Assets.xcassets; sourceTree = "<group>"; };
		CC2B56E6250BFA780089E85C /* Base */ = {isa = PBXFileReference; lastKnownFileType = file.storyboard; name = Base; path = Base.lproj/LaunchScreen.storyboard; sourceTree = "<group>"; };
		CC2B56E8250BFA780089E85C /* Info.plist */ = {isa = PBXFileReference; lastKnownFileType = text.plist.xml; path = Info.plist; sourceTree = "<group>"; };
		CC2B56EE250BFAC60089E85C /* GoogleService-Info.plist */ = {isa = PBXFileReference; fileEncoding = 4; lastKnownFileType = text.plist.xml; path = "GoogleService-Info.plist"; sourceTree = "<group>"; };
		CC2B56F6250C02450089E85C /* LoginViewController.swift */ = {isa = PBXFileReference; lastKnownFileType = sourcecode.swift; path = LoginViewController.swift; sourceTree = "<group>"; };
		CC2B56F8250C02BA0089E85C /* CreateProfileViewController.swift */ = {isa = PBXFileReference; lastKnownFileType = sourcecode.swift; path = CreateProfileViewController.swift; sourceTree = "<group>"; };
		CC2B56FA250C04610089E85C /* FeedViewController.swift */ = {isa = PBXFileReference; lastKnownFileType = sourcecode.swift; path = FeedViewController.swift; sourceTree = "<group>"; };
		CC2B56FC250C04DA0089E85C /* CameraViewController.swift */ = {isa = PBXFileReference; lastKnownFileType = sourcecode.swift; path = CameraViewController.swift; sourceTree = "<group>"; };
		CC2B56FE250C04E30089E85C /* SettingsViewController.swift */ = {isa = PBXFileReference; lastKnownFileType = sourcecode.swift; path = SettingsViewController.swift; sourceTree = "<group>"; };
		CC2B5700250FEE500089E85C /* PhotoUser.swift */ = {isa = PBXFileReference; lastKnownFileType = sourcecode.swift; path = PhotoUser.swift; sourceTree = "<group>"; };
		CC2B5702250FEE840089E85C /* UserService.swift */ = {isa = PBXFileReference; lastKnownFileType = sourcecode.swift; path = UserService.swift; sourceTree = "<group>"; };
		CC2B5704250FF1A20089E85C /* Constants.swift */ = {isa = PBXFileReference; lastKnownFileType = sourcecode.swift; path = Constants.swift; sourceTree = "<group>"; };
		CC2B5706251013620089E85C /* LocalStorageService.swift */ = {isa = PBXFileReference; lastKnownFileType = sourcecode.swift; path = LocalStorageService.swift; sourceTree = "<group>"; };
		CC2B5708251024A10089E85C /* MainTabBarController.swift */ = {isa = PBXFileReference; lastKnownFileType = sourcecode.swift; path = MainTabBarController.swift; sourceTree = "<group>"; };
		CCF2F77425102D0E00D972F1 /* Photo.swift */ = {isa = PBXFileReference; lastKnownFileType = sourcecode.swift; path = Photo.swift; sourceTree = "<group>"; };
		CCF2F77625102D4B00D972F1 /* PhotoService.swift */ = {isa = PBXFileReference; lastKnownFileType = sourcecode.swift; path = PhotoService.swift; sourceTree = "<group>"; };
		CCF2F7782510498000D972F1 /* PhotoCell.swift */ = {isa = PBXFileReference; lastKnownFileType = sourcecode.swift; path = PhotoCell.swift; sourceTree = "<group>"; };
/* End PBXFileReference section */

/* Begin PBXFrameworksBuildPhase section */
		CC2B56D4250BFA760089E85C /* Frameworks */ = {
			isa = PBXFrameworksBuildPhase;
			buildActionMask = 2147483647;
			files = (
				9FDBE74504AF4A1C8E7F583C /* Pods_photoapp.framework in Frameworks */,
			);
			runOnlyForDeploymentPostprocessing = 0;
		};
/* End PBXFrameworksBuildPhase section */

/* Begin PBXGroup section */
		B97440D5208C9AE465CF6B5A /* Frameworks */ = {
			isa = PBXGroup;
			children = (
				87C558E4695E8242EE295C95 /* Pods_photoapp.framework */,
			);
			name = Frameworks;
			sourceTree = "<group>";
		};
		CC2B56CE250BFA760089E85C = {
			isa = PBXGroup;
			children = (
				CC2B56D9250BFA760089E85C /* photoapp */,
				CC2B56D8250BFA760089E85C /* Products */,
				E06C8E2838598568D6005F41 /* Pods */,
				B97440D5208C9AE465CF6B5A /* Frameworks */,
			);
			sourceTree = "<group>";
		};
		CC2B56D8250BFA760089E85C /* Products */ = {
			isa = PBXGroup;
			children = (
				CC2B56D7250BFA760089E85C /* photoapp.app */,
			);
			name = Products;
			sourceTree = "<group>";
		};
		CC2B56D9250BFA760089E85C /* photoapp */ = {
			isa = PBXGroup;
			children = (
				CC2B56DA250BFA760089E85C /* AppDelegate.swift */,
				CC2B56DC250BFA760089E85C /* SceneDelegate.swift */,
				CC2B56F0250C019A0089E85C /* Storyboards */,
				CC2B56F1250C01C10089E85C /* Services */,
				CC2B56F5250C01F90089E85C /* View controllers */,
				CC2B56F4250C01F30089E85C /* Models */,
				CC2B56F3250C01E10089E85C /* Views */,
				CC2B56F2250C01DC0089E85C /* Helpers */,
				CC2B56E3250BFA780089E85C /* Assets.xcassets */,
				CC2B56EE250BFAC60089E85C /* GoogleService-Info.plist */,
				CC2B56E8250BFA780089E85C /* Info.plist */,
			);
			path = photoapp;
			sourceTree = "<group>";
		};
		CC2B56F0250C019A0089E85C /* Storyboards */ = {
			isa = PBXGroup;
			children = (
				CC2B56E0250BFA760089E85C /* Main.storyboard */,
				CC2B56E5250BFA780089E85C /* LaunchScreen.storyboard */,
			);
			path = Storyboards;
			sourceTree = "<group>";
		};
		CC2B56F1250C01C10089E85C /* Services */ = {
			isa = PBXGroup;
			children = (
				CC2B5702250FEE840089E85C /* UserService.swift */,
				CC2B5706251013620089E85C /* LocalStorageService.swift */,
				CCF2F77625102D4B00D972F1 /* PhotoService.swift */,
			);
			path = Services;
			sourceTree = "<group>";
		};
		CC2B56F2250C01DC0089E85C /* Helpers */ = {
			isa = PBXGroup;
			children = (
				CC2B5704250FF1A20089E85C /* Constants.swift */,
			);
			path = Helpers;
			sourceTree = "<group>";
		};
		CC2B56F3250C01E10089E85C /* Views */ = {
			isa = PBXGroup;
			children = (
				CCF2F7782510498000D972F1 /* PhotoCell.swift */,
			);
			path = Views;
			sourceTree = "<group>";
		};
		CC2B56F4250C01F30089E85C /* Models */ = {
			isa = PBXGroup;
			children = (
				CC2B5700250FEE500089E85C /* PhotoUser.swift */,
				CCF2F77425102D0E00D972F1 /* Photo.swift */,
			);
			name = Models;
			sourceTree = "<group>";
		};
		CC2B56F5250C01F90089E85C /* View controllers */ = {
			isa = PBXGroup;
			children = (
				CC2B56F6250C02450089E85C /* LoginViewController.swift */,
				CC2B56F8250C02BA0089E85C /* CreateProfileViewController.swift */,
				CC2B56FA250C04610089E85C /* FeedViewController.swift */,
				CC2B56FC250C04DA0089E85C /* CameraViewController.swift */,
				CC2B56FE250C04E30089E85C /* SettingsViewController.swift */,
				CC2B5708251024A10089E85C /* MainTabBarController.swift */,
			);
			name = "View controllers";
			sourceTree = "<group>";
		};
		E06C8E2838598568D6005F41 /* Pods */ = {
			isa = PBXGroup;
			children = (
				A5CCAFC8C7FA9605D14D4B65 /* Pods-photoapp.debug.xcconfig */,
				BB605A3632C0015D212BD6C2 /* Pods-photoapp.release.xcconfig */,
			);
			path = Pods;
			sourceTree = "<group>";
		};
/* End PBXGroup section */

/* Begin PBXNativeTarget section */
		CC2B56D6250BFA760089E85C /* photoapp */ = {
			isa = PBXNativeTarget;
			buildConfigurationList = CC2B56EB250BFA780089E85C /* Build configuration list for PBXNativeTarget "photoapp" */;
			buildPhases = (
				59F8BBFBAC421B5E03D26566 /* [CP] Check Pods Manifest.lock */,
				CC2B56D3250BFA760089E85C /* Sources */,
				CC2B56D4250BFA760089E85C /* Frameworks */,
				CC2B56D5250BFA760089E85C /* Resources */,
				25E97BF95BCCC5A32FC471AF /* [CP] Embed Pods Frameworks */,
				353D4F84C6532438F31109B8 /* [CP] Copy Pods Resources */,
			);
			buildRules = (
			);
			dependencies = (
			);
			name = photoapp;
			productName = photoapp;
			productReference = CC2B56D7250BFA760089E85C /* photoapp.app */;
			productType = "com.apple.product-type.application";
		};
/* End PBXNativeTarget section */

/* Begin PBXProject section */
		CC2B56CF250BFA760089E85C /* Project object */ = {
			isa = PBXProject;
			attributes = {
				LastSwiftUpdateCheck = 1170;
				LastUpgradeCheck = 1170;
				ORGANIZATIONNAME = "John Kouris";
				TargetAttributes = {
					CC2B56D6250BFA760089E85C = {
						CreatedOnToolsVersion = 11.7;
					};
				};
			};
			buildConfigurationList = CC2B56D2250BFA760089E85C /* Build configuration list for PBXProject "photoapp" */;
			compatibilityVersion = "Xcode 9.3";
			developmentRegion = en;
			hasScannedForEncodings = 0;
			knownRegions = (
				en,
				Base,
			);
			mainGroup = CC2B56CE250BFA760089E85C;
			productRefGroup = CC2B56D8250BFA760089E85C /* Products */;
			projectDirPath = "";
			projectRoot = "";
			targets = (
				CC2B56D6250BFA760089E85C /* photoapp */,
			);
		};
/* End PBXProject section */

/* Begin PBXResourcesBuildPhase section */
		CC2B56D5250BFA760089E85C /* Resources */ = {
			isa = PBXResourcesBuildPhase;
			buildActionMask = 2147483647;
			files = (
				CC2B56E7250BFA780089E85C /* LaunchScreen.storyboard in Resources */,
				CC2B56EF250BFAC60089E85C /* GoogleService-Info.plist in Resources */,
				CC2B56E4250BFA780089E85C /* Assets.xcassets in Resources */,
				CC2B56E2250BFA760089E85C /* Main.storyboard in Resources */,
			);
			runOnlyForDeploymentPostprocessing = 0;
		};
/* End PBXResourcesBuildPhase section */

/* Begin PBXShellScriptBuildPhase section */
		25E97BF95BCCC5A32FC471AF /* [CP] Embed Pods Frameworks */ = {
			isa = PBXShellScriptBuildPhase;
			buildActionMask = 2147483647;
			files = (
			);
			inputFileListPaths = (
				"${PODS_ROOT}/Target Support Files/Pods-photoapp/Pods-photoapp-frameworks-${CONFIGURATION}-input-files.xcfilelist",
			);
			name = "[CP] Embed Pods Frameworks";
			outputFileListPaths = (
				"${PODS_ROOT}/Target Support Files/Pods-photoapp/Pods-photoapp-frameworks-${CONFIGURATION}-output-files.xcfilelist",
			);
			runOnlyForDeploymentPostprocessing = 0;
			shellPath = /bin/sh;
			shellScript = "\"${PODS_ROOT}/Target Support Files/Pods-photoapp/Pods-photoapp-frameworks.sh\"\n";
			showEnvVarsInLog = 0;
		};
		353D4F84C6532438F31109B8 /* [CP] Copy Pods Resources */ = {
			isa = PBXShellScriptBuildPhase;
			buildActionMask = 2147483647;
			files = (
			);
			inputFileListPaths = (
				"${PODS_ROOT}/Target Support Files/Pods-photoapp/Pods-photoapp-resources-${CONFIGURATION}-input-files.xcfilelist",
			);
			name = "[CP] Copy Pods Resources";
			outputFileListPaths = (
				"${PODS_ROOT}/Target Support Files/Pods-photoapp/Pods-photoapp-resources-${CONFIGURATION}-output-files.xcfilelist",
			);
			runOnlyForDeploymentPostprocessing = 0;
			shellPath = /bin/sh;
			shellScript = "\"${PODS_ROOT}/Target Support Files/Pods-photoapp/Pods-photoapp-resources.sh\"\n";
			showEnvVarsInLog = 0;
		};
		59F8BBFBAC421B5E03D26566 /* [CP] Check Pods Manifest.lock */ = {
			isa = PBXShellScriptBuildPhase;
			buildActionMask = 2147483647;
			files = (
			);
			inputFileListPaths = (
			);
			inputPaths = (
				"${PODS_PODFILE_DIR_PATH}/Podfile.lock",
				"${PODS_ROOT}/Manifest.lock",
			);
			name = "[CP] Check Pods Manifest.lock";
			outputFileListPaths = (
			);
			outputPaths = (
				"$(DERIVED_FILE_DIR)/Pods-photoapp-checkManifestLockResult.txt",
			);
			runOnlyForDeploymentPostprocessing = 0;
			shellPath = /bin/sh;
			shellScript = "diff \"${PODS_PODFILE_DIR_PATH}/Podfile.lock\" \"${PODS_ROOT}/Manifest.lock\" > /dev/null\nif [ $? != 0 ] ; then\n    # print error to STDERR\n    echo \"error: The sandbox is not in sync with the Podfile.lock. Run 'pod install' or update your CocoaPods installation.\" >&2\n    exit 1\nfi\n# This output is used by Xcode 'outputs' to avoid re-running this script phase.\necho \"SUCCESS\" > \"${SCRIPT_OUTPUT_FILE_0}\"\n";
			showEnvVarsInLog = 0;
		};
/* End PBXShellScriptBuildPhase section */

/* Begin PBXSourcesBuildPhase section */
		CC2B56D3250BFA760089E85C /* Sources */ = {
			isa = PBXSourcesBuildPhase;
			buildActionMask = 2147483647;
			files = (
				CC2B56F9250C02BA0089E85C /* CreateProfileViewController.swift in Sources */,
				CCF2F7792510498000D972F1 /* PhotoCell.swift in Sources */,
				CC2B56F7250C02450089E85C /* LoginViewController.swift in Sources */,
				CC2B5709251024A10089E85C /* MainTabBarController.swift in Sources */,
				CC2B5703250FEE840089E85C /* UserService.swift in Sources */,
				CC2B56FF250C04E30089E85C /* SettingsViewController.swift in Sources */,
				CC2B5701250FEE500089E85C /* PhotoUser.swift in Sources */,
				CCF2F77725102D4B00D972F1 /* PhotoService.swift in Sources */,
				CCF2F77525102D0E00D972F1 /* Photo.swift in Sources */,
				CC2B5705250FF1A20089E85C /* Constants.swift in Sources */,
				CC2B56FB250C04610089E85C /* FeedViewController.swift in Sources */,
				CC2B56DB250BFA760089E85C /* AppDelegate.swift in Sources */,
				CC2B56DD250BFA760089E85C /* SceneDelegate.swift in Sources */,
				CC2B56FD250C04DA0089E85C /* CameraViewController.swift in Sources */,
				CC2B5707251013620089E85C /* LocalStorageService.swift in Sources */,
			);
			runOnlyForDeploymentPostprocessing = 0;
		};
/* End PBXSourcesBuildPhase section */

/* Begin PBXVariantGroup section */
		CC2B56E0250BFA760089E85C /* Main.storyboard */ = {
			isa = PBXVariantGroup;
			children = (
				CC2B56E1250BFA760089E85C /* Base */,
			);
			name = Main.storyboard;
			sourceTree = "<group>";
		};
		CC2B56E5250BFA780089E85C /* LaunchScreen.storyboard */ = {
			isa = PBXVariantGroup;
			children = (
				CC2B56E6250BFA780089E85C /* Base */,
			);
			name = LaunchScreen.storyboard;
			sourceTree = "<group>";
		};
/* End PBXVariantGroup section */

/* Begin XCBuildConfiguration section */
		CC2B56E9250BFA780089E85C /* Debug */ = {
			isa = XCBuildConfiguration;
			buildSettings = {
				ALWAYS_SEARCH_USER_PATHS = NO;
				CLANG_ANALYZER_NONNULL = YES;
				CLANG_ANALYZER_NUMBER_OBJECT_CONVERSION = YES_AGGRESSIVE;
				CLANG_CXX_LANGUAGE_STANDARD = "gnu++14";
				CLANG_CXX_LIBRARY = "libc++";
				CLANG_ENABLE_MODULES = YES;
				CLANG_ENABLE_OBJC_ARC = YES;
				CLANG_ENABLE_OBJC_WEAK = YES;
				CLANG_WARN_BLOCK_CAPTURE_AUTORELEASING = YES;
				CLANG_WARN_BOOL_CONVERSION = YES;
				CLANG_WARN_COMMA = YES;
				CLANG_WARN_CONSTANT_CONVERSION = YES;
				CLANG_WARN_DEPRECATED_OBJC_IMPLEMENTATIONS = YES;
				CLANG_WARN_DIRECT_OBJC_ISA_USAGE = YES_ERROR;
				CLANG_WARN_DOCUMENTATION_COMMENTS = YES;
				CLANG_WARN_EMPTY_BODY = YES;
				CLANG_WARN_ENUM_CONVERSION = YES;
				CLANG_WARN_INFINITE_RECURSION = YES;
				CLANG_WARN_INT_CONVERSION = YES;
				CLANG_WARN_NON_LITERAL_NULL_CONVERSION = YES;
				CLANG_WARN_OBJC_IMPLICIT_RETAIN_SELF = YES;
				CLANG_WARN_OBJC_LITERAL_CONVERSION = YES;
				CLANG_WARN_OBJC_ROOT_CLASS = YES_ERROR;
				CLANG_WARN_RANGE_LOOP_ANALYSIS = YES;
				CLANG_WARN_STRICT_PROTOTYPES = YES;
				CLANG_WARN_SUSPICIOUS_MOVE = YES;
				CLANG_WARN_UNGUARDED_AVAILABILITY = YES_AGGRESSIVE;
				CLANG_WARN_UNREACHABLE_CODE = YES;
				CLANG_WARN__DUPLICATE_METHOD_MATCH = YES;
				COPY_PHASE_STRIP = NO;
				DEBUG_INFORMATION_FORMAT = dwarf;
				ENABLE_STRICT_OBJC_MSGSEND = YES;
				ENABLE_TESTABILITY = YES;
				GCC_C_LANGUAGE_STANDARD = gnu11;
				GCC_DYNAMIC_NO_PIC = NO;
				GCC_NO_COMMON_BLOCKS = YES;
				GCC_OPTIMIZATION_LEVEL = 0;
				GCC_PREPROCESSOR_DEFINITIONS = (
					"DEBUG=1",
					"$(inherited)",
				);
				GCC_WARN_64_TO_32_BIT_CONVERSION = YES;
				GCC_WARN_ABOUT_RETURN_TYPE = YES_ERROR;
				GCC_WARN_UNDECLARED_SELECTOR = YES;
				GCC_WARN_UNINITIALIZED_AUTOS = YES_AGGRESSIVE;
				GCC_WARN_UNUSED_FUNCTION = YES;
				GCC_WARN_UNUSED_VARIABLE = YES;
				IPHONEOS_DEPLOYMENT_TARGET = 13.7;
				MTL_ENABLE_DEBUG_INFO = INCLUDE_SOURCE;
				MTL_FAST_MATH = YES;
				ONLY_ACTIVE_ARCH = YES;
				SDKROOT = iphoneos;
				SWIFT_ACTIVE_COMPILATION_CONDITIONS = DEBUG;
				SWIFT_OPTIMIZATION_LEVEL = "-Onone";
			};
			name = Debug;
		};
		CC2B56EA250BFA780089E85C /* Release */ = {
			isa = XCBuildConfiguration;
			buildSettings = {
				ALWAYS_SEARCH_USER_PATHS = NO;
				CLANG_ANALYZER_NONNULL = YES;
				CLANG_ANALYZER_NUMBER_OBJECT_CONVERSION = YES_AGGRESSIVE;
				CLANG_CXX_LANGUAGE_STANDARD = "gnu++14";
				CLANG_CXX_LIBRARY = "libc++";
				CLANG_ENABLE_MODULES = YES;
				CLANG_ENABLE_OBJC_ARC = YES;
				CLANG_ENABLE_OBJC_WEAK = YES;
				CLANG_WARN_BLOCK_CAPTURE_AUTORELEASING = YES;
				CLANG_WARN_BOOL_CONVERSION = YES;
				CLANG_WARN_COMMA = YES;
				CLANG_WARN_CONSTANT_CONVERSION = YES;
				CLANG_WARN_DEPRECATED_OBJC_IMPLEMENTATIONS = YES;
				CLANG_WARN_DIRECT_OBJC_ISA_USAGE = YES_ERROR;
				CLANG_WARN_DOCUMENTATION_COMMENTS = YES;
				CLANG_WARN_EMPTY_BODY = YES;
				CLANG_WARN_ENUM_CONVERSION = YES;
				CLANG_WARN_INFINITE_RECURSION = YES;
				CLANG_WARN_INT_CONVERSION = YES;
				CLANG_WARN_NON_LITERAL_NULL_CONVERSION = YES;
				CLANG_WARN_OBJC_IMPLICIT_RETAIN_SELF = YES;
				CLANG_WARN_OBJC_LITERAL_CONVERSION = YES;
				CLANG_WARN_OBJC_ROOT_CLASS = YES_ERROR;
				CLANG_WARN_RANGE_LOOP_ANALYSIS = YES;
				CLANG_WARN_STRICT_PROTOTYPES = YES;
				CLANG_WARN_SUSPICIOUS_MOVE = YES;
				CLANG_WARN_UNGUARDED_AVAILABILITY = YES_AGGRESSIVE;
				CLANG_WARN_UNREACHABLE_CODE = YES;
				CLANG_WARN__DUPLICATE_METHOD_MATCH = YES;
				COPY_PHASE_STRIP = NO;
				DEBUG_INFORMATION_FORMAT = "dwarf-with-dsym";
				ENABLE_NS_ASSERTIONS = NO;
				ENABLE_STRICT_OBJC_MSGSEND = YES;
				GCC_C_LANGUAGE_STANDARD = gnu11;
				GCC_NO_COMMON_BLOCKS = YES;
				GCC_WARN_64_TO_32_BIT_CONVERSION = YES;
				GCC_WARN_ABOUT_RETURN_TYPE = YES_ERROR;
				GCC_WARN_UNDECLARED_SELECTOR = YES;
				GCC_WARN_UNINITIALIZED_AUTOS = YES_AGGRESSIVE;
				GCC_WARN_UNUSED_FUNCTION = YES;
				GCC_WARN_UNUSED_VARIABLE = YES;
				IPHONEOS_DEPLOYMENT_TARGET = 13.7;
				MTL_ENABLE_DEBUG_INFO = NO;
				MTL_FAST_MATH = YES;
				SDKROOT = iphoneos;
				SWIFT_COMPILATION_MODE = wholemodule;
				SWIFT_OPTIMIZATION_LEVEL = "-O";
				VALIDATE_PRODUCT = YES;
			};
			name = Release;
		};
		CC2B56EC250BFA780089E85C /* Debug */ = {
			isa = XCBuildConfiguration;
			baseConfigurationReference = A5CCAFC8C7FA9605D14D4B65 /* Pods-photoapp.debug.xcconfig */;
			buildSettings = {
				ASSETCATALOG_COMPILER_APPICON_NAME = AppIcon;
				CODE_SIGN_STYLE = Automatic;
				DEVELOPMENT_TEAM = SE96QQ4Q6G;
				INFOPLIST_FILE = photoapp/Info.plist;
				LD_RUNPATH_SEARCH_PATHS = (
					"$(inherited)",
					"@executable_path/Frameworks",
				);
				PRODUCT_BUNDLE_IDENTIFIER = com.JohnKouris.photoapp;
				PRODUCT_NAME = "$(TARGET_NAME)";
				SWIFT_VERSION = 5.0;
				TARGETED_DEVICE_FAMILY = "1,2";
			};
			name = Debug;
		};
		CC2B56ED250BFA780089E85C /* Release */ = {
			isa = XCBuildConfiguration;
			baseConfigurationReference = BB605A3632C0015D212BD6C2 /* Pods-photoapp.release.xcconfig */;
			buildSettings = {
				ASSETCATALOG_COMPILER_APPICON_NAME = AppIcon;
				CODE_SIGN_STYLE = Automatic;
				DEVELOPMENT_TEAM = SE96QQ4Q6G;
				INFOPLIST_FILE = photoapp/Info.plist;
				LD_RUNPATH_SEARCH_PATHS = (
					"$(inherited)",
					"@executable_path/Frameworks",
				);
				PRODUCT_BUNDLE_IDENTIFIER = com.JohnKouris.photoapp;
				PRODUCT_NAME = "$(TARGET_NAME)";
				SWIFT_VERSION = 5.0;
				TARGETED_DEVICE_FAMILY = "1,2";
			};
			name = Release;
		};
/* End XCBuildConfiguration section */

/* Begin XCConfigurationList section */
		CC2B56D2250BFA760089E85C /* Build configuration list for PBXProject "photoapp" */ = {
			isa = XCConfigurationList;
			buildConfigurations = (
				CC2B56E9250BFA780089E85C /* Debug */,
				CC2B56EA250BFA780089E85C /* Release */,
			);
			defaultConfigurationIsVisible = 0;
			defaultConfigurationName = Release;
		};
		CC2B56EB250BFA780089E85C /* Build configuration list for PBXNativeTarget "photoapp" */ = {
			isa = XCConfigurationList;
			buildConfigurations = (
				CC2B56EC250BFA780089E85C /* Debug */,
				CC2B56ED250BFA780089E85C /* Release */,
			);
			defaultConfigurationIsVisible = 0;
			defaultConfigurationName = Release;
		};
/* End XCConfigurationList section */
	};
	rootObject = CC2B56CF250BFA760089E85C /* Project object */;
}
